
Microsoft Visual Studio Solution File, Format Version 12.00
# Visual Studio Version 17
VisualStudioVersion = 17.6.33723.286
MinimumVisualStudioVersion = 10.0.40219.1
Project("{FAE04EC0-301F-11D3-BF4B-00C04F79EFBC}") = "WebApplication_2_ALM_test_1", "WebApplication_2_ALM_test_1\WebApplication_2_ALM_test_1.csproj", "{1B4BAFF1-2D8D-4AED-9AFC-EFFD5C8C2C41}"
EndProject
Global
	GlobalSection(SolutionConfigurationPlatforms) = preSolution
		Debug|Any CPU = Debug|Any CPU
		Release|Any CPU = Release|Any CPU
	EndGlobalSection
	GlobalSection(ProjectConfigurationPlatforms) = postSolution
		{1B4BAFF1-2D8D-4AED-9AFC-EFFD5C8C2C41}.Debug|Any CPU.ActiveCfg = Debug|Any CPU
		{1B4BAFF1-2D8D-4AED-9AFC-EFFD5C8C2C41}.Debug|Any CPU.Build.0 = Debug|Any CPU
		{1B4BAFF1-2D8D-4AED-9AFC-EFFD5C8C2C41}.Release|Any CPU.ActiveCfg = Release|Any CPU
		{1B4BAFF1-2D8D-4AED-9AFC-EFFD5C8C2C41}.Release|Any CPU.Build.0 = Release|Any CPU
	EndGlobalSection
	GlobalSection(SolutionProperties) = preSolution
		HideSolutionNode = FALSE
	EndGlobalSection
	GlobalSection(ExtensibilityGlobals) = postSolution
		SolutionGuid = {654813F5-B93A-47EA-8F3D-6ADD1E203573}
	EndGlobalSection
EndGlobal
